
Microsoft Visual Studio Solution File, Format Version 12.00
# Visual Studio 15
VisualStudioVersion = 15.0.28307.421
MinimumVisualStudioVersion = 10.0.40219.1
Project("{FAE04EC0-301F-11D3-BF4B-00C04F79EFBC}") = "FridgeFoodManager.Tests.Unit", "FridgeFoodManager.Tests.Unit\FridgeFoodManager.Tests.Unit.csproj", "{ED13369A-098C-431A-8CF2-D8DBA5A6018A}"
EndProject
Project("{FAE04EC0-301F-11D3-BF4B-00C04F79EFBC}") = "FridgeFoodManager.Tests.Integration", "FridgeFoodManager.Tests.Integration\FridgeFoodManager.Tests.Integration.csproj", "{CFEA6D59-8713-4838-9F08-53F4FD22E15D}"
EndProject
Project("{FAE04EC0-301F-11D3-BF4B-00C04F79EFBC}") = "FridgeFoodManager.Api", "FridgeFoodManager.Api\FridgeFoodManager.Api.csproj", "{D30704D3-3024-4AC8-A5B5-EEC940B51811}"
EndProject
Project("{9A19103F-16F7-4668-BE54-9A1E7A4F7556}") = "FridgeFoodManager.App", "FridgeFoodManager.App\FridgeFoodManager.App.csproj", "{1303C302-1453-48B3-AE68-90D587A09E8E}"
EndProject
Global
	GlobalSection(SolutionConfigurationPlatforms) = preSolution
		Debug|Any CPU = Debug|Any CPU
		Release|Any CPU = Release|Any CPU
	EndGlobalSection
	GlobalSection(ProjectConfigurationPlatforms) = postSolution
		{ED13369A-098C-431A-8CF2-D8DBA5A6018A}.Debug|Any CPU.ActiveCfg = Debug|Any CPU
		{ED13369A-098C-431A-8CF2-D8DBA5A6018A}.Debug|Any CPU.Build.0 = Debug|Any CPU
		{ED13369A-098C-431A-8CF2-D8DBA5A6018A}.Release|Any CPU.ActiveCfg = Release|Any CPU
		{ED13369A-098C-431A-8CF2-D8DBA5A6018A}.Release|Any CPU.Build.0 = Release|Any CPU
		{CFEA6D59-8713-4838-9F08-53F4FD22E15D}.Debug|Any CPU.ActiveCfg = Debug|Any CPU
		{CFEA6D59-8713-4838-9F08-53F4FD22E15D}.Debug|Any CPU.Build.0 = Debug|Any CPU
		{CFEA6D59-8713-4838-9F08-53F4FD22E15D}.Release|Any CPU.ActiveCfg = Release|Any CPU
		{CFEA6D59-8713-4838-9F08-53F4FD22E15D}.Release|Any CPU.Build.0 = Release|Any CPU
		{D30704D3-3024-4AC8-A5B5-EEC940B51811}.Debug|Any CPU.ActiveCfg = Debug|Any CPU
		{D30704D3-3024-4AC8-A5B5-EEC940B51811}.Debug|Any CPU.Build.0 = Debug|Any CPU
		{D30704D3-3024-4AC8-A5B5-EEC940B51811}.Release|Any CPU.ActiveCfg = Release|Any CPU
		{D30704D3-3024-4AC8-A5B5-EEC940B51811}.Release|Any CPU.Build.0 = Release|Any CPU
		{1303C302-1453-48B3-AE68-90D587A09E8E}.Debug|Any CPU.ActiveCfg = Debug|Any CPU
		{1303C302-1453-48B3-AE68-90D587A09E8E}.Debug|Any CPU.Build.0 = Debug|Any CPU
		{1303C302-1453-48B3-AE68-90D587A09E8E}.Release|Any CPU.ActiveCfg = Release|Any CPU
		{1303C302-1453-48B3-AE68-90D587A09E8E}.Release|Any CPU.Build.0 = Release|Any CPU
	EndGlobalSection
	GlobalSection(SolutionProperties) = preSolution
		HideSolutionNode = FALSE
	EndGlobalSection
	GlobalSection(ExtensibilityGlobals) = postSolution
		SolutionGuid = {61FA64B2-22B8-443E-BD81-BAC768845531}
	EndGlobalSection
EndGlobal
